// !$*UTF8*$!
{
	archiveVersion = 1;
	classes = {
	};
	objectVersion = 46;
	objects = {

/* Begin PBXBuildFile section */
		6D1C23C91C0FB85D00CB1A9A /* AppDelegate.swift in Sources */ = {isa = PBXBuildFile; fileRef = 6D1C23C81C0FB85D00CB1A9A /* AppDelegate.swift */; };
		6D1C23CE1C0FB85D00CB1A9A /* Main.storyboard in Resources */ = {isa = PBXBuildFile; fileRef = 6D1C23CC1C0FB85D00CB1A9A /* Main.storyboard */; };
		6D1C23D01C0FB85D00CB1A9A /* Assets.xcassets in Resources */ = {isa = PBXBuildFile; fileRef = 6D1C23CF1C0FB85D00CB1A9A /* Assets.xcassets */; };
		6D1C23D31C0FB85D00CB1A9A /* LaunchScreen.storyboard in Resources */ = {isa = PBXBuildFile; fileRef = 6D1C23D11C0FB85D00CB1A9A /* LaunchScreen.storyboard */; };
		6D1C23DD1C0FBD7D00CB1A9A /* MainViewController.swift in Sources */ = {isa = PBXBuildFile; fileRef = 6D1C23DC1C0FBD7D00CB1A9A /* MainViewController.swift */; };
		6DA66C0E1C4DB2C400E65A06 /* ImageFilterManager.swift in Sources */ = {isa = PBXBuildFile; fileRef = 6DA66C0D1C4DB2C400E65A06 /* ImageFilterManager.swift */; };
		6DA66C101C4DB8D800E65A06 /* FilterTableViewCell.swift in Sources */ = {isa = PBXBuildFile; fileRef = 6DA66C0F1C4DB8D800E65A06 /* FilterTableViewCell.swift */; };
		6DA66C121C4DB9BC00E65A06 /* FilterViewController.swift in Sources */ = {isa = PBXBuildFile; fileRef = 6DA66C111C4DB9BC00E65A06 /* FilterViewController.swift */; };
		6DF988A51C1F94000094D9ED /* PreviewCollectionViewCell.swift in Sources */ = {isa = PBXBuildFile; fileRef = 6DF988A41C1F94000094D9ED /* PreviewCollectionViewCell.swift */; };
		97FDD09A72E8B6CBC9E8605A /* Pods_Camera_App.framework in Frameworks */ = {isa = PBXBuildFile; fileRef = EAEFEEF224831EB89F34B528 /* Pods_Camera_App.framework */; };
/* End PBXBuildFile section */

/* Begin PBXFileReference section */
		6D1C23C51C0FB85D00CB1A9A /* Camera App.app */ = {isa = PBXFileReference; explicitFileType = wrapper.application; includeInIndex = 0; path = "Camera App.app"; sourceTree = BUILT_PRODUCTS_DIR; };
		6D1C23C81C0FB85D00CB1A9A /* AppDelegate.swift */ = {isa = PBXFileReference; lastKnownFileType = sourcecode.swift; path = AppDelegate.swift; sourceTree = "<group>"; };
		6D1C23CD1C0FB85D00CB1A9A /* Base */ = {isa = PBXFileReference; lastKnownFileType = file.storyboard; name = Base; path = Base.lproj/Main.storyboard; sourceTree = "<group>"; };
		6D1C23CF1C0FB85D00CB1A9A /* Assets.xcassets */ = {isa = PBXFileReference; lastKnownFileType = folder.assetcatalog; path = Assets.xcassets; sourceTree = "<group>"; };
		6D1C23D21C0FB85D00CB1A9A /* Base */ = {isa = PBXFileReference; lastKnownFileType = file.storyboard; name = Base; path = Base.lproj/LaunchScreen.storyboard; sourceTree = "<group>"; };
		6D1C23D41C0FB85D00CB1A9A /* Info.plist */ = {isa = PBXFileReference; lastKnownFileType = text.plist.xml; path = Info.plist; sourceTree = "<group>"; };
		6D1C23DC1C0FBD7D00CB1A9A /* MainViewController.swift */ = {isa = PBXFileReference; fileEncoding = 4; lastKnownFileType = sourcecode.swift; path = MainViewController.swift; sourceTree = "<group>"; };
		6DA66C0D1C4DB2C400E65A06 /* ImageFilterManager.swift */ = {isa = PBXFileReference; fileEncoding = 4; lastKnownFileType = sourcecode.swift; path = ImageFilterManager.swift; sourceTree = "<group>"; };
		6DA66C0F1C4DB8D800E65A06 /* FilterTableViewCell.swift */ = {isa = PBXFileReference; fileEncoding = 4; lastKnownFileType = sourcecode.swift; path = FilterTableViewCell.swift; sourceTree = "<group>"; };
		6DA66C111C4DB9BC00E65A06 /* FilterViewController.swift */ = {isa = PBXFileReference; fileEncoding = 4; lastKnownFileType = sourcecode.swift; path = FilterViewController.swift; sourceTree = "<group>"; };
		6DF988A41C1F94000094D9ED /* PreviewCollectionViewCell.swift */ = {isa = PBXFileReference; fileEncoding = 4; lastKnownFileType = sourcecode.swift; path = PreviewCollectionViewCell.swift; sourceTree = "<group>"; };
		B1972EF047C3204D3F8E456D /* Pods-Camera App.release.xcconfig */ = {isa = PBXFileReference; includeInIndex = 1; lastKnownFileType = text.xcconfig; name = "Pods-Camera App.release.xcconfig"; path = "Pods/Target Support Files/Pods-Camera App/Pods-Camera App.release.xcconfig"; sourceTree = "<group>"; };
		CF646D3B5577002150C47241 /* Pods-Camera App.debug.xcconfig */ = {isa = PBXFileReference; includeInIndex = 1; lastKnownFileType = text.xcconfig; name = "Pods-Camera App.debug.xcconfig"; path = "Pods/Target Support Files/Pods-Camera App/Pods-Camera App.debug.xcconfig"; sourceTree = "<group>"; };
		EAEFEEF224831EB89F34B528 /* Pods_Camera_App.framework */ = {isa = PBXFileReference; explicitFileType = wrapper.framework; includeInIndex = 0; path = Pods_Camera_App.framework; sourceTree = BUILT_PRODUCTS_DIR; };
/* End PBXFileReference section */

/* Begin PBXFrameworksBuildPhase section */
		6D1C23C21C0FB85D00CB1A9A /* Frameworks */ = {
			isa = PBXFrameworksBuildPhase;
			buildActionMask = 2147483647;
			files = (
				97FDD09A72E8B6CBC9E8605A /* Pods_Camera_App.framework in Frameworks */,
			);
			runOnlyForDeploymentPostprocessing = 0;
		};
/* End PBXFrameworksBuildPhase section */

/* Begin PBXGroup section */
		6D1C23BC1C0FB85D00CB1A9A = {
			isa = PBXGroup;
			children = (
				6D1C23C71C0FB85D00CB1A9A /* Camera App */,
				6D1C23C61C0FB85D00CB1A9A /* Products */,
				D29BAB6332D7FF86BC72007E /* Pods */,
				8521B71995A34A846A3C1F9C /* Frameworks */,
			);
			sourceTree = "<group>";
		};
		6D1C23C61C0FB85D00CB1A9A /* Products */ = {
			isa = PBXGroup;
			children = (
				6D1C23C51C0FB85D00CB1A9A /* Camera App.app */,
			);
			name = Products;
			sourceTree = "<group>";
		};
		6D1C23C71C0FB85D00CB1A9A /* Camera App */ = {
			isa = PBXGroup;
			children = (
				6D1C23C81C0FB85D00CB1A9A /* AppDelegate.swift */,
				6D1C23CC1C0FB85D00CB1A9A /* Main.storyboard */,
				6D1C23CF1C0FB85D00CB1A9A /* Assets.xcassets */,
				6DA66C0D1C4DB2C400E65A06 /* ImageFilterManager.swift */,
				6D1C23D11C0FB85D00CB1A9A /* LaunchScreen.storyboard */,
				6D1C23D41C0FB85D00CB1A9A /* Info.plist */,
				6D1C23DC1C0FBD7D00CB1A9A /* MainViewController.swift */,
				6DF988A41C1F94000094D9ED /* PreviewCollectionViewCell.swift */,
				6DA66C0F1C4DB8D800E65A06 /* FilterTableViewCell.swift */,
				6DA66C111C4DB9BC00E65A06 /* FilterViewController.swift */,
			);
			path = "Camera App";
			sourceTree = "<group>";
		};
		8521B71995A34A846A3C1F9C /* Frameworks */ = {
			isa = PBXGroup;
			children = (
				EAEFEEF224831EB89F34B528 /* Pods_Camera_App.framework */,
			);
			name = Frameworks;
			sourceTree = "<group>";
		};
		D29BAB6332D7FF86BC72007E /* Pods */ = {
			isa = PBXGroup;
			children = (
				CF646D3B5577002150C47241 /* Pods-Camera App.debug.xcconfig */,
				B1972EF047C3204D3F8E456D /* Pods-Camera App.release.xcconfig */,
			);
			name = Pods;
			sourceTree = "<group>";
		};
/* End PBXGroup section */

/* Begin PBXNativeTarget section */
		6D1C23C41C0FB85D00CB1A9A /* Camera App */ = {
			isa = PBXNativeTarget;
			buildConfigurationList = 6D1C23D71C0FB85D00CB1A9A /* Build configuration list for PBXNativeTarget "Camera App" */;
			buildPhases = (
				08362C727EC5A722DB92433A /* Check Pods Manifest.lock */,
				6D1C23C11C0FB85D00CB1A9A /* Sources */,
				6D1C23C21C0FB85D00CB1A9A /* Frameworks */,
				6D1C23C31C0FB85D00CB1A9A /* Resources */,
				C3732C671BC3888B4F9B9237 /* Embed Pods Frameworks */,
				779D08A762C0D76DF929E26B /* Copy Pods Resources */,
			);
			buildRules = (
			);
			dependencies = (
			);
			name = "Camera App";
			productName = "Camera App";
			productReference = 6D1C23C51C0FB85D00CB1A9A /* Camera App.app */;
			productType = "com.apple.product-type.application";
		};
/* End PBXNativeTarget section */

/* Begin PBXProject section */
		6D1C23BD1C0FB85D00CB1A9A /* Project object */ = {
			isa = PBXProject;
			attributes = {
				LastSwiftUpdateCheck = 0710;
				LastUpgradeCheck = 0710;
				ORGANIZATIONNAME = DigitalCrafts;
				TargetAttributes = {
					6D1C23C41C0FB85D00CB1A9A = {
						CreatedOnToolsVersion = 7.1.1;
						DevelopmentTeam = CEPL4D734F;
					};
				};
			};
			buildConfigurationList = 6D1C23C01C0FB85D00CB1A9A /* Build configuration list for PBXProject "Camera App" */;
			compatibilityVersion = "Xcode 3.2";
			developmentRegion = English;
			hasScannedForEncodings = 0;
			knownRegions = (
				en,
				Base,
			);
			mainGroup = 6D1C23BC1C0FB85D00CB1A9A;
			productRefGroup = 6D1C23C61C0FB85D00CB1A9A /* Products */;
			projectDirPath = "";
			projectRoot = "";
			targets = (
				6D1C23C41C0FB85D00CB1A9A /* Camera App */,
			);
		};
/* End PBXProject section */

/* Begin PBXResourcesBuildPhase section */
		6D1C23C31C0FB85D00CB1A9A /* Resources */ = {
			isa = PBXResourcesBuildPhase;
			buildActionMask = 2147483647;
			files = (
				6D1C23D31C0FB85D00CB1A9A /* LaunchScreen.storyboard in Resources */,
				6D1C23D01C0FB85D00CB1A9A /* Assets.xcassets in Resources */,
				6D1C23CE1C0FB85D00CB1A9A /* Main.storyboard in Resources */,
			);
			runOnlyForDeploymentPostprocessing = 0;
		};
/* End PBXResourcesBuildPhase section */

/* Begin PBXShellScriptBuildPhase section */
		08362C727EC5A722DB92433A /* Check Pods Manifest.lock */ = {
			isa = PBXShellScriptBuildPhase;
			buildActionMask = 2147483647;
			files = (
			);
			inputPaths = (
			);
			name = "Check Pods Manifest.lock";
			outputPaths = (
			);
			runOnlyForDeploymentPostprocessing = 0;
			shellPath = /bin/sh;
			shellScript = "diff \"${PODS_ROOT}/../Podfile.lock\" \"${PODS_ROOT}/Manifest.lock\" > /dev/null\nif [[ $? != 0 ]] ; then\n    cat << EOM\nerror: The sandbox is not in sync with the Podfile.lock. Run 'pod install' or update your CocoaPods installation.\nEOM\n    exit 1\nfi\n";
			showEnvVarsInLog = 0;
		};
		779D08A762C0D76DF929E26B /* Copy Pods Resources */ = {
			isa = PBXShellScriptBuildPhase;
			buildActionMask = 2147483647;
			files = (
			);
			inputPaths = (
			);
			name = "Copy Pods Resources";
			outputPaths = (
			);
			runOnlyForDeploymentPostprocessing = 0;
			shellPath = /bin/sh;
			shellScript = "\"${SRCROOT}/Pods/Target Support Files/Pods-Camera App/Pods-Camera App-resources.sh\"\n";
			showEnvVarsInLog = 0;
		};
		C3732C671BC3888B4F9B9237 /* Embed Pods Frameworks */ = {
			isa = PBXShellScriptBuildPhase;
			buildActionMask = 2147483647;
			files = (
			);
			inputPaths = (
			);
			name = "Embed Pods Frameworks";
			outputPaths = (
			);
			runOnlyForDeploymentPostprocessing = 0;
			shellPath = /bin/sh;
			shellScript = "\"${SRCROOT}/Pods/Target Support Files/Pods-Camera App/Pods-Camera App-frameworks.sh\"\n";
			showEnvVarsInLog = 0;
		};
/* End PBXShellScriptBuildPhase section */

/* Begin PBXSourcesBuildPhase section */
		6D1C23C11C0FB85D00CB1A9A /* Sources */ = {
			isa = PBXSourcesBuildPhase;
			buildActionMask = 2147483647;
			files = (
				6DA66C121C4DB9BC00E65A06 /* FilterViewController.swift in Sources */,
				6DF988A51C1F94000094D9ED /* PreviewCollectionViewCell.swift in Sources */,
				6D1C23C91C0FB85D00CB1A9A /* AppDelegate.swift in Sources */,
				6D1C23DD1C0FBD7D00CB1A9A /* MainViewController.swift in Sources */,
				6DA66C0E1C4DB2C400E65A06 /* ImageFilterManager.swift in Sources */,
				6DA66C101C4DB8D800E65A06 /* FilterTableViewCell.swift in Sources */,
			);
			runOnlyForDeploymentPostprocessing = 0;
		};
/* End PBXSourcesBuildPhase section */

/* Begin PBXVariantGroup section */
		6D1C23CC1C0FB85D00CB1A9A /* Main.storyboard */ = {
			isa = PBXVariantGroup;
			children = (
				6D1C23CD1C0FB85D00CB1A9A /* Base */,
			);
			name = Main.storyboard;
			sourceTree = "<group>";
		};
		6D1C23D11C0FB85D00CB1A9A /* LaunchScreen.storyboard */ = {
			isa = PBXVariantGroup;
			children = (
				6D1C23D21C0FB85D00CB1A9A /* Base */,
			);
			name = LaunchScreen.storyboard;
			sourceTree = "<group>";
		};
/* End PBXVariantGroup section */

/* Begin XCBuildConfiguration section */
		6D1C23D51C0FB85D00CB1A9A /* Debug */ = {
			isa = XCBuildConfiguration;
			buildSettings = {
				ALWAYS_SEARCH_USER_PATHS = NO;
				CLANG_CXX_LANGUAGE_STANDARD = "gnu++0x";
				CLANG_CXX_LIBRARY = "libc++";
				CLANG_ENABLE_MODULES = YES;
				CLANG_ENABLE_OBJC_ARC = YES;
				CLANG_WARN_BOOL_CONVERSION = YES;
				CLANG_WARN_CONSTANT_CONVERSION = YES;
				CLANG_WARN_DIRECT_OBJC_ISA_USAGE = YES_ERROR;
				CLANG_WARN_EMPTY_BODY = YES;
				CLANG_WARN_ENUM_CONVERSION = YES;
				CLANG_WARN_INT_CONVERSION = YES;
				CLANG_WARN_OBJC_ROOT_CLASS = YES_ERROR;
				CLANG_WARN_UNREACHABLE_CODE = YES;
				CLANG_WARN__DUPLICATE_METHOD_MATCH = YES;
				"CODE_SIGN_IDENTITY[sdk=iphoneos*]" = "iPhone Developer";
				COPY_PHASE_STRIP = NO;
				DEBUG_INFORMATION_FORMAT = dwarf;
				ENABLE_STRICT_OBJC_MSGSEND = YES;
				ENABLE_TESTABILITY = YES;
				GCC_C_LANGUAGE_STANDARD = gnu99;
				GCC_DYNAMIC_NO_PIC = NO;
				GCC_NO_COMMON_BLOCKS = YES;
				GCC_OPTIMIZATION_LEVEL = 0;
				GCC_PREPROCESSOR_DEFINITIONS = (
					"DEBUG=1",
					"$(inherited)",
				);
				GCC_WARN_64_TO_32_BIT_CONVERSION = YES;
				GCC_WARN_ABOUT_RETURN_TYPE = YES_ERROR;
				GCC_WARN_UNDECLARED_SELECTOR = YES;
				GCC_WARN_UNINITIALIZED_AUTOS = YES_AGGRESSIVE;
				GCC_WARN_UNUSED_FUNCTION = YES;
				GCC_WARN_UNUSED_VARIABLE = YES;
				IPHONEOS_DEPLOYMENT_TARGET = 9.1;
				MTL_ENABLE_DEBUG_INFO = YES;
				ONLY_ACTIVE_ARCH = YES;
				SDKROOT = iphoneos;
				SWIFT_OPTIMIZATION_LEVEL = "-Onone";
				TARGETED_DEVICE_FAMILY = "1,2";
			};
			name = Debug;
		};
		6D1C23D61C0FB85D00CB1A9A /* Release */ = {
			isa = XCBuildConfiguration;
			buildSettings = {
				ALWAYS_SEARCH_USER_PATHS = NO;
				CLANG_CXX_LANGUAGE_STANDARD = "gnu++0x";
				CLANG_CXX_LIBRARY = "libc++";
				CLANG_ENABLE_MODULES = YES;
				CLANG_ENABLE_OBJC_ARC = YES;
				CLANG_WARN_BOOL_CONVERSION = YES;
				CLANG_WARN_CONSTANT_CONVERSION = YES;
				CLANG_WARN_DIRECT_OBJC_ISA_USAGE = YES_ERROR;
				CLANG_WARN_EMPTY_BODY = YES;
				CLANG_WARN_ENUM_CONVERSION = YES;
				CLANG_WARN_INT_CONVERSION = YES;
				CLANG_WARN_OBJC_ROOT_CLASS = YES_ERROR;
				CLANG_WARN_UNREACHABLE_CODE = YES;
				CLANG_WARN__DUPLICATE_METHOD_MATCH = YES;
				"CODE_SIGN_IDENTITY[sdk=iphoneos*]" = "iPhone Developer";
				COPY_PHASE_STRIP = NO;
				DEBUG_INFORMATION_FORMAT = "dwarf-with-dsym";
				ENABLE_NS_ASSERTIONS = NO;
				ENABLE_STRICT_OBJC_MSGSEND = YES;
				GCC_C_LANGUAGE_STANDARD = gnu99;
				GCC_NO_COMMON_BLOCKS = YES;
				GCC_WARN_64_TO_32_BIT_CONVERSION = YES;
				GCC_WARN_ABOUT_RETURN_TYPE = YES_ERROR;
				GCC_WARN_UNDECLARED_SELECTOR = YES;
				GCC_WARN_UNINITIALIZED_AUTOS = YES_AGGRESSIVE;
				GCC_WARN_UNUSED_FUNCTION = YES;
				GCC_WARN_UNUSED_VARIABLE = YES;
				IPHONEOS_DEPLOYMENT_TARGET = 9.1;
				MTL_ENABLE_DEBUG_INFO = NO;
				SDKROOT = iphoneos;
				TARGETED_DEVICE_FAMILY = "1,2";
				VALIDATE_PRODUCT = YES;
			};
			name = Release;
		};
		6D1C23D81C0FB85D00CB1A9A /* Debug */ = {
			isa = XCBuildConfiguration;
			baseConfigurationReference = CF646D3B5577002150C47241 /* Pods-Camera App.debug.xcconfig */;
			buildSettings = {
				ASSETCATALOG_COMPILER_APPICON_NAME = AppIcon;
				CODE_SIGN_IDENTITY = "iPhone Developer";
				"CODE_SIGN_IDENTITY[sdk=iphoneos*]" = "iPhone Developer";
				INFOPLIST_FILE = "Camera App/Info.plist";
				LD_RUNPATH_SEARCH_PATHS = "$(inherited) @executable_path/Frameworks";
				PRODUCT_BUNDLE_IDENTIFIER = "com.digitalcrafts.Camera-App";
				PRODUCT_NAME = "$(TARGET_NAME)";
				PROVISIONING_PROFILE = "";
			};
			name = Debug;
		};
		6D1C23D91C0FB85D00CB1A9A /* Release */ = {
			isa = XCBuildConfiguration;
			baseConfigurationReference = B1972EF047C3204D3F8E456D /* Pods-Camera App.release.xcconfig */;
			buildSettings = {
				ASSETCATALOG_COMPILER_APPICON_NAME = AppIcon;
				CODE_SIGN_IDENTITY = "iPhone Developer";
				"CODE_SIGN_IDENTITY[sdk=iphoneos*]" = "iPhone Developer";
				INFOPLIST_FILE = "Camera App/Info.plist";
				LD_RUNPATH_SEARCH_PATHS = "$(inherited) @executable_path/Frameworks";
				PRODUCT_BUNDLE_IDENTIFIER = "com.digitalcrafts.Camera-App";
				PRODUCT_NAME = "$(TARGET_NAME)";
				PROVISIONING_PROFILE = "";
			};
			name = Release;
		};
/* End XCBuildConfiguration section */

/* Begin XCConfigurationList section */
		6D1C23C01C0FB85D00CB1A9A /* Build configuration list for PBXProject "Camera App" */ = {
			isa = XCConfigurationList;
			buildConfigurations = (
				6D1C23D51C0FB85D00CB1A9A /* Debug */,
				6D1C23D61C0FB85D00CB1A9A /* Release */,
			);
			defaultConfigurationIsVisible = 0;
			defaultConfigurationName = Release;
		};
		6D1C23D71C0FB85D00CB1A9A /* Build configuration list for PBXNativeTarget "Camera App" */ = {
			isa = XCConfigurationList;
			buildConfigurations = (
				6D1C23D81C0FB85D00CB1A9A /* Debug */,
				6D1C23D91C0FB85D00CB1A9A /* Release */,
			);
			defaultConfigurationIsVisible = 0;
			defaultConfigurationName = Release;
		};
/* End XCConfigurationList section */
	};
	rootObject = 6D1C23BD1C0FB85D00CB1A9A /* Project object */;
}
